
Microsoft Visual Studio Solution File, Format Version 12.00
# Visual Studio 14
VisualStudioVersion = 14.0.24720.0
MinimumVisualStudioVersion = 10.0.40219.1
Project("{FAE04EC0-301F-11D3-BF4B-00C04F79EFBC}") = "DiplomaOptions", "DiplomaOptions\DiplomaOptions.csproj", "{7CBBDF75-1F39-4856-9D38-EBCE5C7C4482}"
EndProject
Project("{FAE04EC0-301F-11D3-BF4B-00C04F79EFBC}") = "DiplomaDataModel", "DiplomaDataModel\DiplomaDataModel.csproj", "{EA3BEE6C-FBA5-4A1A-982B-C442A5C3DB9B}"
EndProject
Global
	GlobalSection(SolutionConfigurationPlatforms) = preSolution
		Debug|Any CPU = Debug|Any CPU
		Release|Any CPU = Release|Any CPU
	EndGlobalSection
	GlobalSection(ProjectConfigurationPlatforms) = postSolution
		{7CBBDF75-1F39-4856-9D38-EBCE5C7C4482}.Debug|Any CPU.ActiveCfg = Debug|Any CPU
		{7CBBDF75-1F39-4856-9D38-EBCE5C7C4482}.Debug|Any CPU.Build.0 = Debug|Any CPU
		{7CBBDF75-1F39-4856-9D38-EBCE5C7C4482}.Release|Any CPU.ActiveCfg = Release|Any CPU
		{7CBBDF75-1F39-4856-9D38-EBCE5C7C4482}.Release|Any CPU.Build.0 = Release|Any CPU
		{EA3BEE6C-FBA5-4A1A-982B-C442A5C3DB9B}.Debug|Any CPU.ActiveCfg = Debug|Any CPU
		{EA3BEE6C-FBA5-4A1A-982B-C442A5C3DB9B}.Debug|Any CPU.Build.0 = Debug|Any CPU
		{EA3BEE6C-FBA5-4A1A-982B-C442A5C3DB9B}.Release|Any CPU.ActiveCfg = Release|Any CPU
		{EA3BEE6C-FBA5-4A1A-982B-C442A5C3DB9B}.Release|Any CPU.Build.0 = Release|Any CPU
	EndGlobalSection
	GlobalSection(SolutionProperties) = preSolution
		HideSolutionNode = FALSE
	EndGlobalSection
EndGlobal
